
Microsoft Visual Studio Solution File, Format Version 11.00
# Visual Studio 2010
Project("{FAE04EC0-301F-11D3-BF4B-00C04F79EFBC}") = "Library Database version2", "Library Database version2\Library Database version2.csproj", "{F0B21C42-8AB5-4E3A-9900-230A854E8749}"
EndProject
Global
	GlobalSection(SolutionConfigurationPlatforms) = preSolution
		Debug|x86 = Debug|x86
		Release|x86 = Release|x86
	EndGlobalSection
	GlobalSection(ProjectConfigurationPlatforms) = postSolution
		{F0B21C42-8AB5-4E3A-9900-230A854E8749}.Debug|x86.ActiveCfg = Debug|x86
		{F0B21C42-8AB5-4E3A-9900-230A854E8749}.Debug|x86.Build.0 = Debug|x86
		{F0B21C42-8AB5-4E3A-9900-230A854E8749}.Release|x86.ActiveCfg = Release|x86
		{F0B21C42-8AB5-4E3A-9900-230A854E8749}.Release|x86.Build.0 = Release|x86
	EndGlobalSection
	GlobalSection(SolutionProperties) = preSolution
		HideSolutionNode = FALSE
	EndGlobalSection
EndGlobal
